// !$*UTF8*$!
{
	archiveVersion = 1;
	classes = {
	};
	objectVersion = 55;
	objects = {

/* Begin PBXBuildFile section */
		7126E4222821003E00310FA5 /* NewDictionaryApp.swift in Sources */ = {isa = PBXBuildFile; fileRef = 7126E4212821003E00310FA5 /* NewDictionaryApp.swift */; };
		7126E4242821003E00310FA5 /* ContentView.swift in Sources */ = {isa = PBXBuildFile; fileRef = 7126E4232821003E00310FA5 /* ContentView.swift */; };
		7126E4262821004100310FA5 /* Assets.xcassets in Resources */ = {isa = PBXBuildFile; fileRef = 7126E4252821004100310FA5 /* Assets.xcassets */; };
		7126E4292821004100310FA5 /* Preview Assets.xcassets in Resources */ = {isa = PBXBuildFile; fileRef = 7126E4282821004100310FA5 /* Preview Assets.xcassets */; };
		7126E4302821006B00310FA5 /* SearchBar.swift in Sources */ = {isa = PBXBuildFile; fileRef = 7126E42F2821006B00310FA5 /* SearchBar.swift */; };
		7126E432282115A100310FA5 /* DictView.swift in Sources */ = {isa = PBXBuildFile; fileRef = 7126E431282115A100310FA5 /* DictView.swift */; };
		7126E434282115BD00310FA5 /* Dict.swift in Sources */ = {isa = PBXBuildFile; fileRef = 7126E433282115BD00310FA5 /* Dict.swift */; };
		71B0D7C22822C1B2003293E9 /* text.json in Resources */ = {isa = PBXBuildFile; fileRef = 71B0D7C12822C1B2003293E9 /* text.json */; };
		71B0D7C42823F6C8003293E9 /* DictionaryRow.swift in Sources */ = {isa = PBXBuildFile; fileRef = 71B0D7C32823F6C8003293E9 /* DictionaryRow.swift */; };
		71F117EA2822357E00CA5D5B /* test.json in Resources */ = {isa = PBXBuildFile; fileRef = 71F117E92822357E00CA5D5B /* test.json */; };
		71F117EC2822466F00CA5D5B /* jsonDecoder.swift in Sources */ = {isa = PBXBuildFile; fileRef = 71F117EB2822466F00CA5D5B /* jsonDecoder.swift */; };
/* End PBXBuildFile section */

/* Begin PBXFileReference section */
		7126E41E2821003E00310FA5 /* NewDictionary.app */ = {isa = PBXFileReference; explicitFileType = wrapper.application; includeInIndex = 0; path = NewDictionary.app; sourceTree = BUILT_PRODUCTS_DIR; };
		7126E4212821003E00310FA5 /* NewDictionaryApp.swift */ = {isa = PBXFileReference; lastKnownFileType = sourcecode.swift; path = NewDictionaryApp.swift; sourceTree = "<group>"; };
		7126E4232821003E00310FA5 /* ContentView.swift */ = {isa = PBXFileReference; lastKnownFileType = sourcecode.swift; path = ContentView.swift; sourceTree = "<group>"; };
		7126E4252821004100310FA5 /* Assets.xcassets */ = {isa = PBXFileReference; lastKnownFileType = folder.assetcatalog; path = Assets.xcassets; sourceTree = "<group>"; };
		7126E4282821004100310FA5 /* Preview Assets.xcassets */ = {isa = PBXFileReference; lastKnownFileType = folder.assetcatalog; path = "Preview Assets.xcassets"; sourceTree = "<group>"; };
		7126E42F2821006B00310FA5 /* SearchBar.swift */ = {isa = PBXFileReference; lastKnownFileType = sourcecode.swift; path = SearchBar.swift; sourceTree = "<group>"; };
		7126E431282115A100310FA5 /* DictView.swift */ = {isa = PBXFileReference; lastKnownFileType = sourcecode.swift; path = DictView.swift; sourceTree = "<group>"; };
		7126E433282115BD00310FA5 /* Dict.swift */ = {isa = PBXFileReference; lastKnownFileType = sourcecode.swift; path = Dict.swift; sourceTree = "<group>"; };
		71B0D7C12822C1B2003293E9 /* text.json */ = {isa = PBXFileReference; lastKnownFileType = text.json; path = text.json; sourceTree = "<group>"; };
		71B0D7C32823F6C8003293E9 /* DictionaryRow.swift */ = {isa = PBXFileReference; lastKnownFileType = sourcecode.swift; path = DictionaryRow.swift; sourceTree = "<group>"; };
		71F117E92822357E00CA5D5B /* test.json */ = {isa = PBXFileReference; lastKnownFileType = text.json; path = test.json; sourceTree = "<group>"; };
		71F117EB2822466F00CA5D5B /* jsonDecoder.swift */ = {isa = PBXFileReference; lastKnownFileType = sourcecode.swift; path = jsonDecoder.swift; sourceTree = "<group>"; };
/* End PBXFileReference section */

/* Begin PBXFrameworksBuildPhase section */
		7126E41B2821003E00310FA5 /* Frameworks */ = {
			isa = PBXFrameworksBuildPhase;
			buildActionMask = 2147483647;
			files = (
			);
			runOnlyForDeploymentPostprocessing = 0;
		};
/* End PBXFrameworksBuildPhase section */

/* Begin PBXGroup section */
		7126E4152821003E00310FA5 = {
			isa = PBXGroup;
			children = (
				71B0D7C32823F6C8003293E9 /* DictionaryRow.swift */,
				7126E4202821003E00310FA5 /* NewDictionary */,
				7126E41F2821003E00310FA5 /* Products */,
			);
			sourceTree = "<group>";
		};
		7126E41F2821003E00310FA5 /* Products */ = {
			isa = PBXGroup;
			children = (
				7126E41E2821003E00310FA5 /* NewDictionary.app */,
			);
			name = Products;
			sourceTree = "<group>";
		};
		7126E4202821003E00310FA5 /* NewDictionary */ = {
			isa = PBXGroup;
			children = (
				7126E42F2821006B00310FA5 /* SearchBar.swift */,
				7126E4212821003E00310FA5 /* NewDictionaryApp.swift */,
				7126E4232821003E00310FA5 /* ContentView.swift */,
				7126E431282115A100310FA5 /* DictView.swift */,
				7126E433282115BD00310FA5 /* Dict.swift */,
				7126E4252821004100310FA5 /* Assets.xcassets */,
				7126E4272821004100310FA5 /* Preview Content */,
				71F117ED28224E7B00CA5D5B /* Json Parsing */,
			);
			path = NewDictionary;
			sourceTree = "<group>";
		};
		7126E4272821004100310FA5 /* Preview Content */ = {
			isa = PBXGroup;
			children = (
				7126E4282821004100310FA5 /* Preview Assets.xcassets */,
			);
			path = "Preview Content";
			sourceTree = "<group>";
		};
		71F117ED28224E7B00CA5D5B /* Json Parsing */ = {
			isa = PBXGroup;
			children = (
				71F117EB2822466F00CA5D5B /* jsonDecoder.swift */,
				71F117E92822357E00CA5D5B /* test.json */,
				71B0D7C12822C1B2003293E9 /* text.json */,
			);
			path = "Json Parsing";
			sourceTree = "<group>";
		};
/* End PBXGroup section */

/* Begin PBXNativeTarget section */
		7126E41D2821003E00310FA5 /* NewDictionary */ = {
			isa = PBXNativeTarget;
			buildConfigurationList = 7126E42C2821004100310FA5 /* Build configuration list for PBXNativeTarget "NewDictionary" */;
			buildPhases = (
				7126E41A2821003E00310FA5 /* Sources */,
				7126E41B2821003E00310FA5 /* Frameworks */,
				7126E41C2821003E00310FA5 /* Resources */,
			);
			buildRules = (
			);
			dependencies = (
			);
			name = NewDictionary;
			productName = NewDictionary;
			productReference = 7126E41E2821003E00310FA5 /* NewDictionary.app */;
			productType = "com.apple.product-type.application";
		};
/* End PBXNativeTarget section */

/* Begin PBXProject section */
		7126E4162821003E00310FA5 /* Project object */ = {
			isa = PBXProject;
			attributes = {
				BuildIndependentTargetsInParallel = 1;
				LastSwiftUpdateCheck = 1330;
				LastUpgradeCheck = 1330;
				TargetAttributes = {
					7126E41D2821003E00310FA5 = {
						CreatedOnToolsVersion = 13.3.1;
					};
				};
			};
			buildConfigurationList = 7126E4192821003E00310FA5 /* Build configuration list for PBXProject "NewDictionary" */;
			compatibilityVersion = "Xcode 13.0";
			developmentRegion = en;
			hasScannedForEncodings = 0;
			knownRegions = (
				en,
				Base,
			);
			mainGroup = 7126E4152821003E00310FA5;
			productRefGroup = 7126E41F2821003E00310FA5 /* Products */;
			projectDirPath = "";
			projectRoot = "";
			targets = (
				7126E41D2821003E00310FA5 /* NewDictionary */,
			);
		};
/* End PBXProject section */

/* Begin PBXResourcesBuildPhase section */
		7126E41C2821003E00310FA5 /* Resources */ = {
			isa = PBXResourcesBuildPhase;
			buildActionMask = 2147483647;
			files = (
				7126E4292821004100310FA5 /* Preview Assets.xcassets in Resources */,
				7126E4262821004100310FA5 /* Assets.xcassets in Resources */,
				71B0D7C22822C1B2003293E9 /* text.json in Resources */,
				71F117EA2822357E00CA5D5B /* test.json in Resources */,
			);
			runOnlyForDeploymentPostprocessing = 0;
		};
/* End PBXResourcesBuildPhase section */

/* Begin PBXSourcesBuildPhase section */
		7126E41A2821003E00310FA5 /* Sources */ = {
			isa = PBXSourcesBuildPhase;
			buildActionMask = 2147483647;
			files = (
				71F117EC2822466F00CA5D5B /* jsonDecoder.swift in Sources */,
				7126E432282115A100310FA5 /* DictView.swift in Sources */,
				7126E434282115BD00310FA5 /* Dict.swift in Sources */,
				71B0D7C42823F6C8003293E9 /* DictionaryRow.swift in Sources */,
				7126E4242821003E00310FA5 /* ContentView.swift in Sources */,
				7126E4222821003E00310FA5 /* NewDictionaryApp.swift in Sources */,
				7126E4302821006B00310FA5 /* SearchBar.swift in Sources */,
			);
			runOnlyForDeploymentPostprocessing = 0;
		};
/* End PBXSourcesBuildPhase section */

/* Begin XCBuildConfiguration section */
		7126E42A2821004100310FA5 /* Debug */ = {
			isa = XCBuildConfiguration;
			buildSettings = {
				ALWAYS_SEARCH_USER_PATHS = NO;
				CLANG_ANALYZER_NONNULL = YES;
				CLANG_ANALYZER_NUMBER_OBJECT_CONVERSION = YES_AGGRESSIVE;
				CLANG_CXX_LANGUAGE_STANDARD = "gnu++17";
				CLANG_ENABLE_MODULES = YES;
				CLANG_ENABLE_OBJC_ARC = YES;
				CLANG_ENABLE_OBJC_WEAK = YES;
				CLANG_WARN_BLOCK_CAPTURE_AUTORELEASING = YES;
				CLANG_WARN_BOOL_CONVERSION = YES;
				CLANG_WARN_COMMA = YES;
				CLANG_WARN_CONSTANT_CONVERSION = YES;
				CLANG_WARN_DEPRECATED_OBJC_IMPLEMENTATIONS = YES;
				CLANG_WARN_DIRECT_OBJC_ISA_USAGE = YES_ERROR;
				CLANG_WARN_DOCUMENTATION_COMMENTS = YES;
				CLANG_WARN_EMPTY_BODY = YES;
				CLANG_WARN_ENUM_CONVERSION = YES;
				CLANG_WARN_INFINITE_RECURSION = YES;
				CLANG_WARN_INT_CONVERSION = YES;
				CLANG_WARN_NON_LITERAL_NULL_CONVERSION = YES;
				CLANG_WARN_OBJC_IMPLICIT_RETAIN_SELF = YES;
				CLANG_WARN_OBJC_LITERAL_CONVERSION = YES;
				CLANG_WARN_OBJC_ROOT_CLASS = YES_ERROR;
				CLANG_WARN_QUOTED_INCLUDE_IN_FRAMEWORK_HEADER = YES;
				CLANG_WARN_RANGE_LOOP_ANALYSIS = YES;
				CLANG_WARN_STRICT_PROTOTYPES = YES;
				CLANG_WARN_SUSPICIOUS_MOVE = YES;
				CLANG_WARN_UNGUARDED_AVAILABILITY = YES_AGGRESSIVE;
				CLANG_WARN_UNREACHABLE_CODE = YES;
				CLANG_WARN__DUPLICATE_METHOD_MATCH = YES;
				COPY_PHASE_STRIP = NO;
				DEBUG_INFORMATION_FORMAT = dwarf;
				ENABLE_STRICT_OBJC_MSGSEND = YES;
				ENABLE_TESTABILITY = YES;
				GCC_C_LANGUAGE_STANDARD = gnu11;
				GCC_DYNAMIC_NO_PIC = NO;
				GCC_NO_COMMON_BLOCKS = YES;
				GCC_OPTIMIZATION_LEVEL = 0;
				GCC_PREPROCESSOR_DEFINITIONS = (
					"DEBUG=1",
					"$(inherited)",
				);
				GCC_WARN_64_TO_32_BIT_CONVERSION = YES;
				GCC_WARN_ABOUT_RETURN_TYPE = YES_ERROR;
				GCC_WARN_UNDECLARED_SELECTOR = YES;
				GCC_WARN_UNINITIALIZED_AUTOS = YES_AGGRESSIVE;
				GCC_WARN_UNUSED_FUNCTION = YES;
				GCC_WARN_UNUSED_VARIABLE = YES;
				IPHONEOS_DEPLOYMENT_TARGET = 15.4;
				MTL_ENABLE_DEBUG_INFO = INCLUDE_SOURCE;
				MTL_FAST_MATH = YES;
				ONLY_ACTIVE_ARCH = YES;
				SDKROOT = iphoneos;
				SWIFT_ACTIVE_COMPILATION_CONDITIONS = DEBUG;
				SWIFT_OPTIMIZATION_LEVEL = "-Onone";
			};
			name = Debug;
		};
		7126E42B2821004100310FA5 /* Release */ = {
			isa = XCBuildConfiguration;
			buildSettings = {
				ALWAYS_SEARCH_USER_PATHS = NO;
				CLANG_ANALYZER_NONNULL = YES;
				CLANG_ANALYZER_NUMBER_OBJECT_CONVERSION = YES_AGGRESSIVE;
				CLANG_CXX_LANGUAGE_STANDARD = "gnu++17";
				CLANG_ENABLE_MODULES = YES;
				CLANG_ENABLE_OBJC_ARC = YES;
				CLANG_ENABLE_OBJC_WEAK = YES;
				CLANG_WARN_BLOCK_CAPTURE_AUTORELEASING = YES;
				CLANG_WARN_BOOL_CONVERSION = YES;
				CLANG_WARN_COMMA = YES;
				CLANG_WARN_CONSTANT_CONVERSION = YES;
				CLANG_WARN_DEPRECATED_OBJC_IMPLEMENTATIONS = YES;
				CLANG_WARN_DIRECT_OBJC_ISA_USAGE = YES_ERROR;
				CLANG_WARN_DOCUMENTATION_COMMENTS = YES;
				CLANG_WARN_EMPTY_BODY = YES;
				CLANG_WARN_ENUM_CONVERSION = YES;
				CLANG_WARN_INFINITE_RECURSION = YES;
				CLANG_WARN_INT_CONVERSION = YES;
				CLANG_WARN_NON_LITERAL_NULL_CONVERSION = YES;
				CLANG_WARN_OBJC_IMPLICIT_RETAIN_SELF = YES;
				CLANG_WARN_OBJC_LITERAL_CONVERSION = YES;
				CLANG_WARN_OBJC_ROOT_CLASS = YES_ERROR;
				CLANG_WARN_QUOTED_INCLUDE_IN_FRAMEWORK_HEADER = YES;
				CLANG_WARN_RANGE_LOOP_ANALYSIS = YES;
				CLANG_WARN_STRICT_PROTOTYPES = YES;
				CLANG_WARN_SUSPICIOUS_MOVE = YES;
				CLANG_WARN_UNGUARDED_AVAILABILITY = YES_AGGRESSIVE;
				CLANG_WARN_UNREACHABLE_CODE = YES;
				CLANG_WARN__DUPLICATE_METHOD_MATCH = YES;
				COPY_PHASE_STRIP = NO;
				DEBUG_INFORMATION_FORMAT = "dwarf-with-dsym";
				ENABLE_NS_ASSERTIONS = NO;
				ENABLE_STRICT_OBJC_MSGSEND = YES;
				GCC_C_LANGUAGE_STANDARD = gnu11;
				GCC_NO_COMMON_BLOCKS = YES;
				GCC_WARN_64_TO_32_BIT_CONVERSION = YES;
				GCC_WARN_ABOUT_RETURN_TYPE = YES_ERROR;
				GCC_WARN_UNDECLARED_SELECTOR = YES;
				GCC_WARN_UNINITIALIZED_AUTOS = YES_AGGRESSIVE;
				GCC_WARN_UNUSED_FUNCTION = YES;
				GCC_WARN_UNUSED_VARIABLE = YES;
				IPHONEOS_DEPLOYMENT_TARGET = 15.4;
				MTL_ENABLE_DEBUG_INFO = NO;
				MTL_FAST_MATH = YES;
				SDKROOT = iphoneos;
				SWIFT_COMPILATION_MODE = wholemodule;
				SWIFT_OPTIMIZATION_LEVEL = "-O";
				VALIDATE_PRODUCT = YES;
			};
			name = Release;
		};
		7126E42D2821004100310FA5 /* Debug */ = {
			isa = XCBuildConfiguration;
			buildSettings = {
				ASSETCATALOG_COMPILER_APPICON_NAME = AppIcon;
				ASSETCATALOG_COMPILER_GLOBAL_ACCENT_COLOR_NAME = AccentColor;
				CODE_SIGN_STYLE = Automatic;
				CURRENT_PROJECT_VERSION = 1;
				DEVELOPMENT_ASSET_PATHS = "\"NewDictionary/Preview Content\"";
				DEVELOPMENT_TEAM = UYQK5W3Y6T;
				ENABLE_PREVIEWS = YES;
				GENERATE_INFOPLIST_FILE = YES;
				INFOPLIST_KEY_UIApplicationSceneManifest_Generation = YES;
				INFOPLIST_KEY_UIApplicationSupportsIndirectInputEvents = YES;
				INFOPLIST_KEY_UILaunchScreen_Generation = YES;
				INFOPLIST_KEY_UISupportedInterfaceOrientations_iPad = "UIInterfaceOrientationPortrait UIInterfaceOrientationPortraitUpsideDown UIInterfaceOrientationLandscapeLeft UIInterfaceOrientationLandscapeRight";
				INFOPLIST_KEY_UISupportedInterfaceOrientations_iPhone = "UIInterfaceOrientationPortrait UIInterfaceOrientationLandscapeLeft UIInterfaceOrientationLandscapeRight";
				LD_RUNPATH_SEARCH_PATHS = (
					"$(inherited)",
					"@executable_path/Frameworks",
				);
				MARKETING_VERSION = 1.0;
				PRODUCT_BUNDLE_IDENTIFIER = com.mincho.NewDictionary;
				PRODUCT_NAME = "$(TARGET_NAME)";
				SWIFT_EMIT_LOC_STRINGS = YES;
				SWIFT_VERSION = 5.0;
				TARGETED_DEVICE_FAMILY = "1,2";
			};
			name = Debug;
		};
		7126E42E2821004100310FA5 /* Release */ = {
			isa = XCBuildConfiguration;
			buildSettings = {
				ASSETCATALOG_COMPILER_APPICON_NAME = AppIcon;
				ASSETCATALOG_COMPILER_GLOBAL_ACCENT_COLOR_NAME = AccentColor;
				CODE_SIGN_STYLE = Automatic;
				CURRENT_PROJECT_VERSION = 1;
				DEVELOPMENT_ASSET_PATHS = "\"NewDictionary/Preview Content\"";
				DEVELOPMENT_TEAM = UYQK5W3Y6T;
				ENABLE_PREVIEWS = YES;
				GENERATE_INFOPLIST_FILE = YES;
				INFOPLIST_KEY_UIApplicationSceneManifest_Generation = YES;
				INFOPLIST_KEY_UIApplicationSupportsIndirectInputEvents = YES;
				INFOPLIST_KEY_UILaunchScreen_Generation = YES;
				INFOPLIST_KEY_UISupportedInterfaceOrientations_iPad = "UIInterfaceOrientationPortrait UIInterfaceOrientationPortraitUpsideDown UIInterfaceOrientationLandscapeLeft UIInterfaceOrientationLandscapeRight";
				INFOPLIST_KEY_UISupportedInterfaceOrientations_iPhone = "UIInterfaceOrientationPortrait UIInterfaceOrientationLandscapeLeft UIInterfaceOrientationLandscapeRight";
				LD_RUNPATH_SEARCH_PATHS = (
					"$(inherited)",
					"@executable_path/Frameworks",
				);
				MARKETING_VERSION = 1.0;
				PRODUCT_BUNDLE_IDENTIFIER = com.mincho.NewDictionary;
				PRODUCT_NAME = "$(TARGET_NAME)";
				SWIFT_EMIT_LOC_STRINGS = YES;
				SWIFT_VERSION = 5.0;
				TARGETED_DEVICE_FAMILY = "1,2";
			};
			name = Release;
		};
/* End XCBuildConfiguration section */

/* Begin XCConfigurationList section */
		7126E4192821003E00310FA5 /* Build configuration list for PBXProject "NewDictionary" */ = {
			isa = XCConfigurationList;
			buildConfigurations = (
				7126E42A2821004100310FA5 /* Debug */,
				7126E42B2821004100310FA5 /* Release */,
			);
			defaultConfigurationIsVisible = 0;
			defaultConfigurationName = Release;
		};
		7126E42C2821004100310FA5 /* Build configuration list for PBXNativeTarget "NewDictionary" */ = {
			isa = XCConfigurationList;
			buildConfigurations = (
				7126E42D2821004100310FA5 /* Debug */,
				7126E42E2821004100310FA5 /* Release */,
			);
			defaultConfigurationIsVisible = 0;
			defaultConfigurationName = Release;
		};
/* End XCConfigurationList section */
	};
	rootObject = 7126E4162821003E00310FA5 /* Project object */;
}
